
Microsoft Visual Studio Solution File, Format Version 12.00
# Visual Studio Version 17
VisualStudioVersion = 17.5.002.0
MinimumVisualStudioVersion = 10.0.40219.1
Project("{9A19103F-16F7-4668-BE54-9A1E7A4F7556}") = "Slot_network", "Slot_network.csproj", "{A01DDB6B-F2B0-4134-8724-8F3266155051}"
EndProject
Global
	GlobalSection(SolutionConfigurationPlatforms) = preSolution
		Debug|Any CPU = Debug|Any CPU
		Release|Any CPU = Release|Any CPU
	EndGlobalSection
	GlobalSection(ProjectConfigurationPlatforms) = postSolution
		{A01DDB6B-F2B0-4134-8724-8F3266155051}.Debug|Any CPU.ActiveCfg = Debug|Any CPU
		{A01DDB6B-F2B0-4134-8724-8F3266155051}.Debug|Any CPU.Build.0 = Debug|Any CPU
		{A01DDB6B-F2B0-4134-8724-8F3266155051}.Release|Any CPU.ActiveCfg = Release|Any CPU
		{A01DDB6B-F2B0-4134-8724-8F3266155051}.Release|Any CPU.Build.0 = Release|Any CPU
	EndGlobalSection
	GlobalSection(SolutionProperties) = preSolution
		HideSolutionNode = FALSE
	EndGlobalSection
	GlobalSection(ExtensibilityGlobals) = postSolution
		SolutionGuid = {EEDFB23C-77AB-4450-BACE-0F293E04CDF0}
	EndGlobalSection
EndGlobal
